
Microsoft Visual Studio Solution File, Format Version 12.00
# Visual Studio Version 17
VisualStudioVersion = 17.5.002.0
MinimumVisualStudioVersion = 10.0.40219.1
Project("{9A19103F-16F7-4668-BE54-9A1E7A4F7556}") = "Calculadora", "Calculadora.csproj", "{EED5F143-8F0B-4CB8-88B8-61C77DA78393}"
EndProject
Global
	GlobalSection(SolutionConfigurationPlatforms) = preSolution
		Debug|Any CPU = Debug|Any CPU
		Release|Any CPU = Release|Any CPU
	EndGlobalSection
	GlobalSection(ProjectConfigurationPlatforms) = postSolution
		{EED5F143-8F0B-4CB8-88B8-61C77DA78393}.Debug|Any CPU.ActiveCfg = Debug|Any CPU
		{EED5F143-8F0B-4CB8-88B8-61C77DA78393}.Debug|Any CPU.Build.0 = Debug|Any CPU
		{EED5F143-8F0B-4CB8-88B8-61C77DA78393}.Release|Any CPU.ActiveCfg = Release|Any CPU
		{EED5F143-8F0B-4CB8-88B8-61C77DA78393}.Release|Any CPU.Build.0 = Release|Any CPU
	EndGlobalSection
	GlobalSection(SolutionProperties) = preSolution
		HideSolutionNode = FALSE
	EndGlobalSection
	GlobalSection(ExtensibilityGlobals) = postSolution
		SolutionGuid = {BF78B875-00D9-45D3-A867-EB54A02AF7B1}
	EndGlobalSection
EndGlobal
